
Microsoft Visual Studio Solution File, Format Version 12.00
# Visual Studio Version 17
VisualStudioVersion = 17.14.36408.4
MinimumVisualStudioVersion = 10.0.40219.1
Project("{FAE04EC0-301F-11D3-BF4B-00C04F79EFBC}") = "Vocabulary", "Vocabulary\Vocabulary.csproj", "{4A426045-AC68-41CC-8A61-F9D984B3FE78}"
EndProject
Project("{FAE04EC0-301F-11D3-BF4B-00C04F79EFBC}") = "Numbers", "Numbers\Numbers.csproj", "{97C0B95A-DE0F-4DB5-9520-626315B6C1B9}"
EndProject
Project("{FAE04EC0-301F-11D3-BF4B-00C04F79EFBC}") = "Variables", "Variables\Variables.csproj", "{4520C88D-C8E9-4FB2-9108-D6ADDFF50E1F}"
EndProject
Project("{FAE04EC0-301F-11D3-BF4B-00C04F79EFBC}") = "Formatting", "Formatting\Formatting.csproj", "{72FAD09F-44A9-46F6-879D-2C072EE01AFD}"
EndProject
Project("{FAE04EC0-301F-11D3-BF4B-00C04F79EFBC}") = "Arguments", "Arguments\Arguments.csproj", "{33BDF930-DC58-45A3-80CE-3531499D040F}"
EndProject
Project("{FAE04EC0-301F-11D3-BF4B-00C04F79EFBC}") = "AsyncConsole", "AsyncConsole\AsyncConsole.csproj", "{506B36E1-8975-4A6E-9082-359162449B2B}"
EndProject
Project("{FAE04EC0-301F-11D3-BF4B-00C04F79EFBC}") = "Ch02Ex03Numbers", "Ch02Ex03Numbers\Ch02Ex03Numbers.csproj", "{3D9B1E73-1EAF-4B05-B816-C955091F8A1D}"
EndProject
Global
	GlobalSection(SolutionConfigurationPlatforms) = preSolution
		Debug|Any CPU = Debug|Any CPU
		Release|Any CPU = Release|Any CPU
	EndGlobalSection
	GlobalSection(ProjectConfigurationPlatforms) = postSolution
		{4A426045-AC68-41CC-8A61-F9D984B3FE78}.Debug|Any CPU.ActiveCfg = Debug|Any CPU
		{4A426045-AC68-41CC-8A61-F9D984B3FE78}.Debug|Any CPU.Build.0 = Debug|Any CPU
		{4A426045-AC68-41CC-8A61-F9D984B3FE78}.Release|Any CPU.ActiveCfg = Release|Any CPU
		{4A426045-AC68-41CC-8A61-F9D984B3FE78}.Release|Any CPU.Build.0 = Release|Any CPU
		{97C0B95A-DE0F-4DB5-9520-626315B6C1B9}.Debug|Any CPU.ActiveCfg = Debug|Any CPU
		{97C0B95A-DE0F-4DB5-9520-626315B6C1B9}.Debug|Any CPU.Build.0 = Debug|Any CPU
		{97C0B95A-DE0F-4DB5-9520-626315B6C1B9}.Release|Any CPU.ActiveCfg = Release|Any CPU
		{97C0B95A-DE0F-4DB5-9520-626315B6C1B9}.Release|Any CPU.Build.0 = Release|Any CPU
		{4520C88D-C8E9-4FB2-9108-D6ADDFF50E1F}.Debug|Any CPU.ActiveCfg = Debug|Any CPU
		{4520C88D-C8E9-4FB2-9108-D6ADDFF50E1F}.Debug|Any CPU.Build.0 = Debug|Any CPU
		{4520C88D-C8E9-4FB2-9108-D6ADDFF50E1F}.Release|Any CPU.ActiveCfg = Release|Any CPU
		{4520C88D-C8E9-4FB2-9108-D6ADDFF50E1F}.Release|Any CPU.Build.0 = Release|Any CPU
		{72FAD09F-44A9-46F6-879D-2C072EE01AFD}.Debug|Any CPU.ActiveCfg = Debug|Any CPU
		{72FAD09F-44A9-46F6-879D-2C072EE01AFD}.Debug|Any CPU.Build.0 = Debug|Any CPU
		{72FAD09F-44A9-46F6-879D-2C072EE01AFD}.Release|Any CPU.ActiveCfg = Release|Any CPU
		{72FAD09F-44A9-46F6-879D-2C072EE01AFD}.Release|Any CPU.Build.0 = Release|Any CPU
		{33BDF930-DC58-45A3-80CE-3531499D040F}.Debug|Any CPU.ActiveCfg = Debug|Any CPU
		{33BDF930-DC58-45A3-80CE-3531499D040F}.Debug|Any CPU.Build.0 = Debug|Any CPU
		{33BDF930-DC58-45A3-80CE-3531499D040F}.Release|Any CPU.ActiveCfg = Release|Any CPU
		{33BDF930-DC58-45A3-80CE-3531499D040F}.Release|Any CPU.Build.0 = Release|Any CPU
		{506B36E1-8975-4A6E-9082-359162449B2B}.Debug|Any CPU.ActiveCfg = Debug|Any CPU
		{506B36E1-8975-4A6E-9082-359162449B2B}.Debug|Any CPU.Build.0 = Debug|Any CPU
		{506B36E1-8975-4A6E-9082-359162449B2B}.Release|Any CPU.ActiveCfg = Release|Any CPU
		{506B36E1-8975-4A6E-9082-359162449B2B}.Release|Any CPU.Build.0 = Release|Any CPU
		{3D9B1E73-1EAF-4B05-B816-C955091F8A1D}.Debug|Any CPU.ActiveCfg = Debug|Any CPU
		{3D9B1E73-1EAF-4B05-B816-C955091F8A1D}.Debug|Any CPU.Build.0 = Debug|Any CPU
		{3D9B1E73-1EAF-4B05-B816-C955091F8A1D}.Release|Any CPU.ActiveCfg = Release|Any CPU
		{3D9B1E73-1EAF-4B05-B816-C955091F8A1D}.Release|Any CPU.Build.0 = Release|Any CPU
	EndGlobalSection
	GlobalSection(SolutionProperties) = preSolution
		HideSolutionNode = FALSE
	EndGlobalSection
	GlobalSection(ExtensibilityGlobals) = postSolution
		SolutionGuid = {8DB99BDB-846F-4D9B-B241-76FC68F96C2C}
	EndGlobalSection
EndGlobal
