
Microsoft Visual Studio Solution File, Format Version 12.00
# Visual Studio Version 17
VisualStudioVersion = 17.14.36915.13
MinimumVisualStudioVersion = 10.0.40219.1
Project("{FAE04EC0-301F-11D3-BF4B-00C04F79EFBC}") = "WorkingWithFileSystems", "WorkingWithFileSystems\WorkingWithFileSystems.csproj", "{17383CA0-340B-4145-AF4E-E8ED5721DC42}"
EndProject
Project("{FAE04EC0-301F-11D3-BF4B-00C04F79EFBC}") = "WorkingWithRandomAccess", "WorkingWithRandomAccess\WorkingWithRandomAccess.csproj", "{84F858F3-B454-4DB5-8493-09DBAE0832D3}"
EndProject
Project("{FAE04EC0-301F-11D3-BF4B-00C04F79EFBC}") = "WorkingWithEncodings", "WorkingWithEncodings\WorkingWithEncodings.csproj", "{D65E9BE4-3A90-41AE-8A71-073CAF77ADDC}"
EndProject
Global
	GlobalSection(SolutionConfigurationPlatforms) = preSolution
		Debug|Any CPU = Debug|Any CPU
		Release|Any CPU = Release|Any CPU
	EndGlobalSection
	GlobalSection(ProjectConfigurationPlatforms) = postSolution
		{17383CA0-340B-4145-AF4E-E8ED5721DC42}.Debug|Any CPU.ActiveCfg = Debug|Any CPU
		{17383CA0-340B-4145-AF4E-E8ED5721DC42}.Debug|Any CPU.Build.0 = Debug|Any CPU
		{17383CA0-340B-4145-AF4E-E8ED5721DC42}.Release|Any CPU.ActiveCfg = Release|Any CPU
		{17383CA0-340B-4145-AF4E-E8ED5721DC42}.Release|Any CPU.Build.0 = Release|Any CPU
		{84F858F3-B454-4DB5-8493-09DBAE0832D3}.Debug|Any CPU.ActiveCfg = Debug|Any CPU
		{84F858F3-B454-4DB5-8493-09DBAE0832D3}.Debug|Any CPU.Build.0 = Debug|Any CPU
		{84F858F3-B454-4DB5-8493-09DBAE0832D3}.Release|Any CPU.ActiveCfg = Release|Any CPU
		{84F858F3-B454-4DB5-8493-09DBAE0832D3}.Release|Any CPU.Build.0 = Release|Any CPU
		{D65E9BE4-3A90-41AE-8A71-073CAF77ADDC}.Debug|Any CPU.ActiveCfg = Debug|Any CPU
		{D65E9BE4-3A90-41AE-8A71-073CAF77ADDC}.Debug|Any CPU.Build.0 = Debug|Any CPU
		{D65E9BE4-3A90-41AE-8A71-073CAF77ADDC}.Release|Any CPU.ActiveCfg = Release|Any CPU
		{D65E9BE4-3A90-41AE-8A71-073CAF77ADDC}.Release|Any CPU.Build.0 = Release|Any CPU
	EndGlobalSection
	GlobalSection(SolutionProperties) = preSolution
		HideSolutionNode = FALSE
	EndGlobalSection
	GlobalSection(ExtensibilityGlobals) = postSolution
		SolutionGuid = {72439CCC-B380-4CBE-8CCF-1E3DCB90FA21}
	EndGlobalSection
EndGlobal
